
Microsoft Visual Studio Solution File, Format Version 12.00
# Visual Studio Version 16
VisualStudioVersion = 25.0.1700.0
MinimumVisualStudioVersion = 10.0.40219.1
Project("{FAE04EC0-301F-11D3-BF4B-00C04F79EFBC}") = "MyStack", "Generics\MyStack.csproj", "{8DB2FC36-5307-4FE7-AA88-73073875E7CA}"
EndProject
Project("{FAE04EC0-301F-11D3-BF4B-00C04F79EFBC}") = "MyList", "MyList\MyList.csproj", "{395FCF5A-9C46-421B-A4A1-BCD1339ED1B7}"
EndProject
Global
	GlobalSection(SolutionConfigurationPlatforms) = preSolution
		Debug|Any CPU = Debug|Any CPU
		Release|Any CPU = Release|Any CPU
	EndGlobalSection
	GlobalSection(ProjectConfigurationPlatforms) = postSolution
		{8DB2FC36-5307-4FE7-AA88-73073875E7CA}.Debug|Any CPU.ActiveCfg = Debug|Any CPU
		{8DB2FC36-5307-4FE7-AA88-73073875E7CA}.Debug|Any CPU.Build.0 = Debug|Any CPU
		{8DB2FC36-5307-4FE7-AA88-73073875E7CA}.Release|Any CPU.ActiveCfg = Release|Any CPU
		{8DB2FC36-5307-4FE7-AA88-73073875E7CA}.Release|Any CPU.Build.0 = Release|Any CPU
		{395FCF5A-9C46-421B-A4A1-BCD1339ED1B7}.Debug|Any CPU.ActiveCfg = Debug|Any CPU
		{395FCF5A-9C46-421B-A4A1-BCD1339ED1B7}.Debug|Any CPU.Build.0 = Debug|Any CPU
		{395FCF5A-9C46-421B-A4A1-BCD1339ED1B7}.Release|Any CPU.ActiveCfg = Release|Any CPU
		{395FCF5A-9C46-421B-A4A1-BCD1339ED1B7}.Release|Any CPU.Build.0 = Release|Any CPU
	EndGlobalSection
	GlobalSection(SolutionProperties) = preSolution
		HideSolutionNode = FALSE
	EndGlobalSection
	GlobalSection(ExtensibilityGlobals) = postSolution
		SolutionGuid = {A0FEDD4A-1620-4181-AD52-00FAE2F64AF8}
	EndGlobalSection
EndGlobal
